
Microsoft Visual Studio Solution File, Format Version 12.00
# Visual Studio Version 17
VisualStudioVersion = 17.5.002.0
MinimumVisualStudioVersion = 10.0.40219.1
Project("{9A19103F-16F7-4668-BE54-9A1E7A4F7556}") = "Zaplearn", "Zaplearn.csproj", "{C702A1C1-AF08-46FD-8053-3FC0BE94B1BA}"
EndProject
Global
	GlobalSection(SolutionConfigurationPlatforms) = preSolution
		Debug|Any CPU = Debug|Any CPU
		Release|Any CPU = Release|Any CPU
	EndGlobalSection
	GlobalSection(ProjectConfigurationPlatforms) = postSolution
		{C702A1C1-AF08-46FD-8053-3FC0BE94B1BA}.Debug|Any CPU.ActiveCfg = Debug|Any CPU
		{C702A1C1-AF08-46FD-8053-3FC0BE94B1BA}.Debug|Any CPU.Build.0 = Debug|Any CPU
		{C702A1C1-AF08-46FD-8053-3FC0BE94B1BA}.Release|Any CPU.ActiveCfg = Release|Any CPU
		{C702A1C1-AF08-46FD-8053-3FC0BE94B1BA}.Release|Any CPU.Build.0 = Release|Any CPU
	EndGlobalSection
	GlobalSection(SolutionProperties) = preSolution
		HideSolutionNode = FALSE
	EndGlobalSection
	GlobalSection(ExtensibilityGlobals) = postSolution
		SolutionGuid = {DE7E81C6-6DC4-4364-A027-8FE07CCEA4E8}
	EndGlobalSection
EndGlobal
